// !$*UTF8*$!
{
	archiveVersion = 1;
	classes = {
	};
	objectVersion = 55;
	objects = {

/* Begin PBXBuildFile section */
		E74DD09E2801980500154F0B /* ItemBlockView.swift in Sources */ = {isa = PBXBuildFile; fileRef = E74DD09D2801980500154F0B /* ItemBlockView.swift */; };
		E78702012809D7CF00298332 /* wishModel.swift in Sources */ = {isa = PBXBuildFile; fileRef = E78702002809D7CF00298332 /* wishModel.swift */; };
		E78702032809D83500298332 /* WishViewModel.swift in Sources */ = {isa = PBXBuildFile; fileRef = E78702022809D83500298332 /* WishViewModel.swift */; };
		E78702052809D93300298332 /* WishRowView.swift in Sources */ = {isa = PBXBuildFile; fileRef = E78702042809D93300298332 /* WishRowView.swift */; };
		E78702072809DB9500298332 /* WishAddingRow.swift in Sources */ = {isa = PBXBuildFile; fileRef = E78702062809DB9500298332 /* WishAddingRow.swift */; };
		E797397D27F3743600D3B1FE /* ItemView.swift in Sources */ = {isa = PBXBuildFile; fileRef = E797397C27F3743600D3B1FE /* ItemView.swift */; };
		E797397F27F3780700D3B1FE /* AddingView.swift in Sources */ = {isa = PBXBuildFile; fileRef = E797397E27F3780700D3B1FE /* AddingView.swift */; };
		E797398127F3783300D3B1FE /* CartView.swift in Sources */ = {isa = PBXBuildFile; fileRef = E797398027F3783300D3B1FE /* CartView.swift */; };
		E797398327F43A9900D3B1FE /* ItemRowView.swift in Sources */ = {isa = PBXBuildFile; fileRef = E797398227F43A9900D3B1FE /* ItemRowView.swift */; };
		E797398627F4AD5A00D3B1FE /* itemModel.swift in Sources */ = {isa = PBXBuildFile; fileRef = E797398527F4AD5A00D3B1FE /* itemModel.swift */; };
		E797398927F71E1700D3B1FE /* ItemViewModel.swift in Sources */ = {isa = PBXBuildFile; fileRef = E797398827F71E1700D3B1FE /* ItemViewModel.swift */; };
		E7C4A55D281AE6A200B41116 /* ImagePicker.swift in Sources */ = {isa = PBXBuildFile; fileRef = E7C4A55C281AE6A200B41116 /* ImagePicker.swift */; };
		E7D2FF7527EF00AE00764266 /* MyRefrigeratorApp.swift in Sources */ = {isa = PBXBuildFile; fileRef = E7D2FF7427EF00AE00764266 /* MyRefrigeratorApp.swift */; };
		E7D2FF7727EF00AE00764266 /* ContentView.swift in Sources */ = {isa = PBXBuildFile; fileRef = E7D2FF7627EF00AE00764266 /* ContentView.swift */; };
		E7D2FF7927EF00AF00764266 /* Assets.xcassets in Resources */ = {isa = PBXBuildFile; fileRef = E7D2FF7827EF00AF00764266 /* Assets.xcassets */; };
		E7D2FF7C27EF00AF00764266 /* Preview Assets.xcassets in Resources */ = {isa = PBXBuildFile; fileRef = E7D2FF7B27EF00AF00764266 /* Preview Assets.xcassets */; };
		E7D2FF8627EF00AF00764266 /* MyRefrigeratorTests.swift in Sources */ = {isa = PBXBuildFile; fileRef = E7D2FF8527EF00AF00764266 /* MyRefrigeratorTests.swift */; };
		E7D2FF9027EF00AF00764266 /* MyRefrigeratorUITests.swift in Sources */ = {isa = PBXBuildFile; fileRef = E7D2FF8F27EF00AF00764266 /* MyRefrigeratorUITests.swift */; };
		E7D2FF9227EF00AF00764266 /* MyRefrigeratorUITestsLaunchTests.swift in Sources */ = {isa = PBXBuildFile; fileRef = E7D2FF9127EF00AF00764266 /* MyRefrigeratorUITestsLaunchTests.swift */; };
		E7FDDD9F281C60DD000F65C7 /* FileManager+Extension.swift in Sources */ = {isa = PBXBuildFile; fileRef = E7FDDD9E281C60DD000F65C7 /* FileManager+Extension.swift */; };
		E7FDDDA1281C6341000F65C7 /* MyImageError.swift in Sources */ = {isa = PBXBuildFile; fileRef = E7FDDDA0281C6341000F65C7 /* MyImageError.swift */; };
/* End PBXBuildFile section */

/* Begin PBXContainerItemProxy section */
		E7D2FF8227EF00AF00764266 /* PBXContainerItemProxy */ = {
			isa = PBXContainerItemProxy;
			containerPortal = E7D2FF6927EF00AE00764266 /* Project object */;
			proxyType = 1;
			remoteGlobalIDString = E7D2FF7027EF00AE00764266;
			remoteInfo = MyRefrigerator;
		};
		E7D2FF8C27EF00AF00764266 /* PBXContainerItemProxy */ = {
			isa = PBXContainerItemProxy;
			containerPortal = E7D2FF6927EF00AE00764266 /* Project object */;
			proxyType = 1;
			remoteGlobalIDString = E7D2FF7027EF00AE00764266;
			remoteInfo = MyRefrigerator;
		};
/* End PBXContainerItemProxy section */

/* Begin PBXFileReference section */
		E74DD09D2801980500154F0B /* ItemBlockView.swift */ = {isa = PBXFileReference; lastKnownFileType = sourcecode.swift; path = ItemBlockView.swift; sourceTree = "<group>"; };
		E78702002809D7CF00298332 /* wishModel.swift */ = {isa = PBXFileReference; lastKnownFileType = sourcecode.swift; path = wishModel.swift; sourceTree = "<group>"; };
		E78702022809D83500298332 /* WishViewModel.swift */ = {isa = PBXFileReference; lastKnownFileType = sourcecode.swift; path = WishViewModel.swift; sourceTree = "<group>"; };
		E78702042809D93300298332 /* WishRowView.swift */ = {isa = PBXFileReference; lastKnownFileType = sourcecode.swift; path = WishRowView.swift; sourceTree = "<group>"; };
		E78702062809DB9500298332 /* WishAddingRow.swift */ = {isa = PBXFileReference; lastKnownFileType = sourcecode.swift; path = WishAddingRow.swift; sourceTree = "<group>"; };
		E797397C27F3743600D3B1FE /* ItemView.swift */ = {isa = PBXFileReference; lastKnownFileType = sourcecode.swift; path = ItemView.swift; sourceTree = "<group>"; };
		E797397E27F3780700D3B1FE /* AddingView.swift */ = {isa = PBXFileReference; lastKnownFileType = sourcecode.swift; path = AddingView.swift; sourceTree = "<group>"; };
		E797398027F3783300D3B1FE /* CartView.swift */ = {isa = PBXFileReference; lastKnownFileType = sourcecode.swift; path = CartView.swift; sourceTree = "<group>"; };
		E797398227F43A9900D3B1FE /* ItemRowView.swift */ = {isa = PBXFileReference; lastKnownFileType = sourcecode.swift; path = ItemRowView.swift; sourceTree = "<group>"; };
		E797398527F4AD5A00D3B1FE /* itemModel.swift */ = {isa = PBXFileReference; lastKnownFileType = sourcecode.swift; path = itemModel.swift; sourceTree = "<group>"; };
		E797398827F71E1700D3B1FE /* ItemViewModel.swift */ = {isa = PBXFileReference; lastKnownFileType = sourcecode.swift; path = ItemViewModel.swift; sourceTree = "<group>"; };
		E7C4A55C281AE6A200B41116 /* ImagePicker.swift */ = {isa = PBXFileReference; lastKnownFileType = sourcecode.swift; path = ImagePicker.swift; sourceTree = "<group>"; };
		E7D2FF7127EF00AE00764266 /* MyRefrigerator.app */ = {isa = PBXFileReference; explicitFileType = wrapper.application; includeInIndex = 0; path = MyRefrigerator.app; sourceTree = BUILT_PRODUCTS_DIR; };
		E7D2FF7427EF00AE00764266 /* MyRefrigeratorApp.swift */ = {isa = PBXFileReference; lastKnownFileType = sourcecode.swift; path = MyRefrigeratorApp.swift; sourceTree = "<group>"; };
		E7D2FF7627EF00AE00764266 /* ContentView.swift */ = {isa = PBXFileReference; lastKnownFileType = sourcecode.swift; path = ContentView.swift; sourceTree = "<group>"; };
		E7D2FF7827EF00AF00764266 /* Assets.xcassets */ = {isa = PBXFileReference; lastKnownFileType = folder.assetcatalog; path = Assets.xcassets; sourceTree = "<group>"; };
		E7D2FF7B27EF00AF00764266 /* Preview Assets.xcassets */ = {isa = PBXFileReference; lastKnownFileType = folder.assetcatalog; path = "Preview Assets.xcassets"; sourceTree = "<group>"; };
		E7D2FF8127EF00AF00764266 /* MyRefrigeratorTests.xctest */ = {isa = PBXFileReference; explicitFileType = wrapper.cfbundle; includeInIndex = 0; path = MyRefrigeratorTests.xctest; sourceTree = BUILT_PRODUCTS_DIR; };
		E7D2FF8527EF00AF00764266 /* MyRefrigeratorTests.swift */ = {isa = PBXFileReference; lastKnownFileType = sourcecode.swift; path = MyRefrigeratorTests.swift; sourceTree = "<group>"; };
		E7D2FF8B27EF00AF00764266 /* MyRefrigeratorUITests.xctest */ = {isa = PBXFileReference; explicitFileType = wrapper.cfbundle; includeInIndex = 0; path = MyRefrigeratorUITests.xctest; sourceTree = BUILT_PRODUCTS_DIR; };
		E7D2FF8F27EF00AF00764266 /* MyRefrigeratorUITests.swift */ = {isa = PBXFileReference; lastKnownFileType = sourcecode.swift; path = MyRefrigeratorUITests.swift; sourceTree = "<group>"; };
		E7D2FF9127EF00AF00764266 /* MyRefrigeratorUITestsLaunchTests.swift */ = {isa = PBXFileReference; lastKnownFileType = sourcecode.swift; path = MyRefrigeratorUITestsLaunchTests.swift; sourceTree = "<group>"; };
		E7FDDD9E281C60DD000F65C7 /* FileManager+Extension.swift */ = {isa = PBXFileReference; fileEncoding = 4; lastKnownFileType = sourcecode.swift; path = "FileManager+Extension.swift"; sourceTree = "<group>"; };
		E7FDDDA0281C6341000F65C7 /* MyImageError.swift */ = {isa = PBXFileReference; fileEncoding = 4; lastKnownFileType = sourcecode.swift; path = MyImageError.swift; sourceTree = "<group>"; };
/* End PBXFileReference section */

/* Begin PBXFrameworksBuildPhase section */
		E7D2FF6E27EF00AE00764266 /* Frameworks */ = {
			isa = PBXFrameworksBuildPhase;
			buildActionMask = 2147483647;
			files = (
			);
			runOnlyForDeploymentPostprocessing = 0;
		};
		E7D2FF7E27EF00AF00764266 /* Frameworks */ = {
			isa = PBXFrameworksBuildPhase;
			buildActionMask = 2147483647;
			files = (
			);
			runOnlyForDeploymentPostprocessing = 0;
		};
		E7D2FF8827EF00AF00764266 /* Frameworks */ = {
			isa = PBXFrameworksBuildPhase;
			buildActionMask = 2147483647;
			files = (
			);
			runOnlyForDeploymentPostprocessing = 0;
		};
/* End PBXFrameworksBuildPhase section */

/* Begin PBXGroup section */
		E797397927F3739E00D3B1FE /* Views */ = {
			isa = PBXGroup;
			children = (
				E7D2FF7627EF00AE00764266 /* ContentView.swift */,
				E797397C27F3743600D3B1FE /* ItemView.swift */,
				E797398227F43A9900D3B1FE /* ItemRowView.swift */,
				E74DD09D2801980500154F0B /* ItemBlockView.swift */,
				E797397E27F3780700D3B1FE /* AddingView.swift */,
				E797398027F3783300D3B1FE /* CartView.swift */,
				E78702042809D93300298332 /* WishRowView.swift */,
				E78702062809DB9500298332 /* WishAddingRow.swift */,
			);
			path = Views;
			sourceTree = "<group>";
		};
		E797398427F4AD2200D3B1FE /* Models */ = {
			isa = PBXGroup;
			children = (
				E797398527F4AD5A00D3B1FE /* itemModel.swift */,
				E78702002809D7CF00298332 /* wishModel.swift */,
				E7FDDDA0281C6341000F65C7 /* MyImageError.swift */,
			);
			path = Models;
			sourceTree = "<group>";
		};
		E797398727F71DDC00D3B1FE /* ViewModels */ = {
			isa = PBXGroup;
			children = (
				E78702022809D83500298332 /* WishViewModel.swift */,
				E797398827F71E1700D3B1FE /* ItemViewModel.swift */,
			);
			path = ViewModels;
			sourceTree = "<group>";
		};
		E7C4A55E281C565000B41116 /* UIViewRepresentables */ = {
			isa = PBXGroup;
			children = (
				E7C4A55C281AE6A200B41116 /* ImagePicker.swift */,
			);
			path = UIViewRepresentables;
			sourceTree = "<group>";
		};
		E7D2FF6827EF00AE00764266 = {
			isa = PBXGroup;
			children = (
				E7D2FF7327EF00AE00764266 /* MyRefrigerator */,
				E7D2FF8427EF00AF00764266 /* MyRefrigeratorTests */,
				E7D2FF8E27EF00AF00764266 /* MyRefrigeratorUITests */,
				E7D2FF7227EF00AE00764266 /* Products */,
			);
			sourceTree = "<group>";
		};
		E7D2FF7227EF00AE00764266 /* Products */ = {
			isa = PBXGroup;
			children = (
				E7D2FF7127EF00AE00764266 /* MyRefrigerator.app */,
				E7D2FF8127EF00AF00764266 /* MyRefrigeratorTests.xctest */,
				E7D2FF8B27EF00AF00764266 /* MyRefrigeratorUITests.xctest */,
			);
			name = Products;
			sourceTree = "<group>";
		};
		E7D2FF7327EF00AE00764266 /* MyRefrigerator */ = {
			isa = PBXGroup;
			children = (
				E7D2FF7427EF00AE00764266 /* MyRefrigeratorApp.swift */,
				E797398427F4AD2200D3B1FE /* Models */,
				E797398727F71DDC00D3B1FE /* ViewModels */,
				E797397927F3739E00D3B1FE /* Views */,
				E7C4A55E281C565000B41116 /* UIViewRepresentables */,
				E7FDDD9D281C60A4000F65C7 /* Extensions */,
				E7D2FF7827EF00AF00764266 /* Assets.xcassets */,
				E7D2FF7A27EF00AF00764266 /* Preview Content */,
			);
			path = MyRefrigerator;
			sourceTree = "<group>";
		};
		E7D2FF7A27EF00AF00764266 /* Preview Content */ = {
			isa = PBXGroup;
			children = (
				E7D2FF7B27EF00AF00764266 /* Preview Assets.xcassets */,
			);
			path = "Preview Content";
			sourceTree = "<group>";
		};
		E7D2FF8427EF00AF00764266 /* MyRefrigeratorTests */ = {
			isa = PBXGroup;
			children = (
				E7D2FF8527EF00AF00764266 /* MyRefrigeratorTests.swift */,
			);
			path = MyRefrigeratorTests;
			sourceTree = "<group>";
		};
		E7D2FF8E27EF00AF00764266 /* MyRefrigeratorUITests */ = {
			isa = PBXGroup;
			children = (
				E7D2FF8F27EF00AF00764266 /* MyRefrigeratorUITests.swift */,
				E7D2FF9127EF00AF00764266 /* MyRefrigeratorUITestsLaunchTests.swift */,
			);
			path = MyRefrigeratorUITests;
			sourceTree = "<group>";
		};
		E7FDDD9D281C60A4000F65C7 /* Extensions */ = {
			isa = PBXGroup;
			children = (
				E7FDDD9E281C60DD000F65C7 /* FileManager+Extension.swift */,
			);
			path = Extensions;
			sourceTree = "<group>";
		};
/* End PBXGroup section */

/* Begin PBXNativeTarget section */
		E7D2FF7027EF00AE00764266 /* MyRefrigerator */ = {
			isa = PBXNativeTarget;
			buildConfigurationList = E7D2FF9527EF00AF00764266 /* Build configuration list for PBXNativeTarget "MyRefrigerator" */;
			buildPhases = (
				E7D2FF6D27EF00AE00764266 /* Sources */,
				E7D2FF6E27EF00AE00764266 /* Frameworks */,
				E7D2FF6F27EF00AE00764266 /* Resources */,
			);
			buildRules = (
			);
			dependencies = (
			);
			name = MyRefrigerator;
			productName = MyRefrigerator;
			productReference = E7D2FF7127EF00AE00764266 /* MyRefrigerator.app */;
			productType = "com.apple.product-type.application";
		};
		E7D2FF8027EF00AF00764266 /* MyRefrigeratorTests */ = {
			isa = PBXNativeTarget;
			buildConfigurationList = E7D2FF9827EF00AF00764266 /* Build configuration list for PBXNativeTarget "MyRefrigeratorTests" */;
			buildPhases = (
				E7D2FF7D27EF00AF00764266 /* Sources */,
				E7D2FF7E27EF00AF00764266 /* Frameworks */,
				E7D2FF7F27EF00AF00764266 /* Resources */,
			);
			buildRules = (
			);
			dependencies = (
				E7D2FF8327EF00AF00764266 /* PBXTargetDependency */,
			);
			name = MyRefrigeratorTests;
			productName = MyRefrigeratorTests;
			productReference = E7D2FF8127EF00AF00764266 /* MyRefrigeratorTests.xctest */;
			productType = "com.apple.product-type.bundle.unit-test";
		};
		E7D2FF8A27EF00AF00764266 /* MyRefrigeratorUITests */ = {
			isa = PBXNativeTarget;
			buildConfigurationList = E7D2FF9B27EF00AF00764266 /* Build configuration list for PBXNativeTarget "MyRefrigeratorUITests" */;
			buildPhases = (
				E7D2FF8727EF00AF00764266 /* Sources */,
				E7D2FF8827EF00AF00764266 /* Frameworks */,
				E7D2FF8927EF00AF00764266 /* Resources */,
			);
			buildRules = (
			);
			dependencies = (
				E7D2FF8D27EF00AF00764266 /* PBXTargetDependency */,
			);
			name = MyRefrigeratorUITests;
			productName = MyRefrigeratorUITests;
			productReference = E7D2FF8B27EF00AF00764266 /* MyRefrigeratorUITests.xctest */;
			productType = "com.apple.product-type.bundle.ui-testing";
		};
/* End PBXNativeTarget section */

/* Begin PBXProject section */
		E7D2FF6927EF00AE00764266 /* Project object */ = {
			isa = PBXProject;
			attributes = {
				BuildIndependentTargetsInParallel = 1;
				LastSwiftUpdateCheck = 1330;
				LastUpgradeCheck = 1330;
				TargetAttributes = {
					E7D2FF7027EF00AE00764266 = {
						CreatedOnToolsVersion = 13.3;
					};
					E7D2FF8027EF00AF00764266 = {
						CreatedOnToolsVersion = 13.3;
						TestTargetID = E7D2FF7027EF00AE00764266;
					};
					E7D2FF8A27EF00AF00764266 = {
						CreatedOnToolsVersion = 13.3;
						TestTargetID = E7D2FF7027EF00AE00764266;
					};
				};
			};
			buildConfigurationList = E7D2FF6C27EF00AE00764266 /* Build configuration list for PBXProject "MyRefrigerator" */;
			compatibilityVersion = "Xcode 13.0";
			developmentRegion = en;
			hasScannedForEncodings = 0;
			knownRegions = (
				en,
				Base,
			);
			mainGroup = E7D2FF6827EF00AE00764266;
			productRefGroup = E7D2FF7227EF00AE00764266 /* Products */;
			projectDirPath = "";
			projectRoot = "";
			targets = (
				E7D2FF7027EF00AE00764266 /* MyRefrigerator */,
				E7D2FF8027EF00AF00764266 /* MyRefrigeratorTests */,
				E7D2FF8A27EF00AF00764266 /* MyRefrigeratorUITests */,
			);
		};
/* End PBXProject section */

/* Begin PBXResourcesBuildPhase section */
		E7D2FF6F27EF00AE00764266 /* Resources */ = {
			isa = PBXResourcesBuildPhase;
			buildActionMask = 2147483647;
			files = (
				E7D2FF7C27EF00AF00764266 /* Preview Assets.xcassets in Resources */,
				E7D2FF7927EF00AF00764266 /* Assets.xcassets in Resources */,
			);
			runOnlyForDeploymentPostprocessing = 0;
		};
		E7D2FF7F27EF00AF00764266 /* Resources */ = {
			isa = PBXResourcesBuildPhase;
			buildActionMask = 2147483647;
			files = (
			);
			runOnlyForDeploymentPostprocessing = 0;
		};
		E7D2FF8927EF00AF00764266 /* Resources */ = {
			isa = PBXResourcesBuildPhase;
			buildActionMask = 2147483647;
			files = (
			);
			runOnlyForDeploymentPostprocessing = 0;
		};
/* End PBXResourcesBuildPhase section */

/* Begin PBXSourcesBuildPhase section */
		E7D2FF6D27EF00AE00764266 /* Sources */ = {
			isa = PBXSourcesBuildPhase;
			buildActionMask = 2147483647;
			files = (
				E7FDDDA1281C6341000F65C7 /* MyImageError.swift in Sources */,
				E797398127F3783300D3B1FE /* CartView.swift in Sources */,
				E797398927F71E1700D3B1FE /* ItemViewModel.swift in Sources */,
				E7D2FF7727EF00AE00764266 /* ContentView.swift in Sources */,
				E7C4A55D281AE6A200B41116 /* ImagePicker.swift in Sources */,
				E78702072809DB9500298332 /* WishAddingRow.swift in Sources */,
				E797398327F43A9900D3B1FE /* ItemRowView.swift in Sources */,
				E797397F27F3780700D3B1FE /* AddingView.swift in Sources */,
				E74DD09E2801980500154F0B /* ItemBlockView.swift in Sources */,
				E797398627F4AD5A00D3B1FE /* itemModel.swift in Sources */,
				E797397D27F3743600D3B1FE /* ItemView.swift in Sources */,
				E78702012809D7CF00298332 /* wishModel.swift in Sources */,
				E7FDDD9F281C60DD000F65C7 /* FileManager+Extension.swift in Sources */,
				E78702032809D83500298332 /* WishViewModel.swift in Sources */,
				E78702052809D93300298332 /* WishRowView.swift in Sources */,
				E7D2FF7527EF00AE00764266 /* MyRefrigeratorApp.swift in Sources */,
			);
			runOnlyForDeploymentPostprocessing = 0;
		};
		E7D2FF7D27EF00AF00764266 /* Sources */ = {
			isa = PBXSourcesBuildPhase;
			buildActionMask = 2147483647;
			files = (
				E7D2FF8627EF00AF00764266 /* MyRefrigeratorTests.swift in Sources */,
			);
			runOnlyForDeploymentPostprocessing = 0;
		};
		E7D2FF8727EF00AF00764266 /* Sources */ = {
			isa = PBXSourcesBuildPhase;
			buildActionMask = 2147483647;
			files = (
				E7D2FF9227EF00AF00764266 /* MyRefrigeratorUITestsLaunchTests.swift in Sources */,
				E7D2FF9027EF00AF00764266 /* MyRefrigeratorUITests.swift in Sources */,
			);
			runOnlyForDeploymentPostprocessing = 0;
		};
/* End PBXSourcesBuildPhase section */

/* Begin PBXTargetDependency section */
		E7D2FF8327EF00AF00764266 /* PBXTargetDependency */ = {
			isa = PBXTargetDependency;
			target = E7D2FF7027EF00AE00764266 /* MyRefrigerator */;
			targetProxy = E7D2FF8227EF00AF00764266 /* PBXContainerItemProxy */;
		};
		E7D2FF8D27EF00AF00764266 /* PBXTargetDependency */ = {
			isa = PBXTargetDependency;
			target = E7D2FF7027EF00AE00764266 /* MyRefrigerator */;
			targetProxy = E7D2FF8C27EF00AF00764266 /* PBXContainerItemProxy */;
		};
/* End PBXTargetDependency section */

/* Begin XCBuildConfiguration section */
		E7D2FF9327EF00AF00764266 /* Debug */ = {
			isa = XCBuildConfiguration;
			buildSettings = {
				ALWAYS_SEARCH_USER_PATHS = NO;
				CLANG_ANALYZER_NONNULL = YES;
				CLANG_ANALYZER_NUMBER_OBJECT_CONVERSION = YES_AGGRESSIVE;
				CLANG_CXX_LANGUAGE_STANDARD = "gnu++17";
				CLANG_ENABLE_MODULES = YES;
				CLANG_ENABLE_OBJC_ARC = YES;
				CLANG_ENABLE_OBJC_WEAK = YES;
				CLANG_WARN_BLOCK_CAPTURE_AUTORELEASING = YES;
				CLANG_WARN_BOOL_CONVERSION = YES;
				CLANG_WARN_COMMA = YES;
				CLANG_WARN_CONSTANT_CONVERSION = YES;
				CLANG_WARN_DEPRECATED_OBJC_IMPLEMENTATIONS = YES;
				CLANG_WARN_DIRECT_OBJC_ISA_USAGE = YES_ERROR;
				CLANG_WARN_DOCUMENTATION_COMMENTS = YES;
				CLANG_WARN_EMPTY_BODY = YES;
				CLANG_WARN_ENUM_CONVERSION = YES;
				CLANG_WARN_INFINITE_RECURSION = YES;
				CLANG_WARN_INT_CONVERSION = YES;
				CLANG_WARN_NON_LITERAL_NULL_CONVERSION = YES;
				CLANG_WARN_OBJC_IMPLICIT_RETAIN_SELF = YES;
				CLANG_WARN_OBJC_LITERAL_CONVERSION = YES;
				CLANG_WARN_OBJC_ROOT_CLASS = YES_ERROR;
				CLANG_WARN_QUOTED_INCLUDE_IN_FRAMEWORK_HEADER = YES;
				CLANG_WARN_RANGE_LOOP_ANALYSIS = YES;
				CLANG_WARN_STRICT_PROTOTYPES = YES;
				CLANG_WARN_SUSPICIOUS_MOVE = YES;
				CLANG_WARN_UNGUARDED_AVAILABILITY = YES_AGGRESSIVE;
				CLANG_WARN_UNREACHABLE_CODE = YES;
				CLANG_WARN__DUPLICATE_METHOD_MATCH = YES;
				COPY_PHASE_STRIP = NO;
				DEBUG_INFORMATION_FORMAT = dwarf;
				ENABLE_STRICT_OBJC_MSGSEND = YES;
				ENABLE_TESTABILITY = YES;
				GCC_C_LANGUAGE_STANDARD = gnu11;
				GCC_DYNAMIC_NO_PIC = NO;
				GCC_NO_COMMON_BLOCKS = YES;
				GCC_OPTIMIZATION_LEVEL = 0;
				GCC_PREPROCESSOR_DEFINITIONS = (
					"DEBUG=1",
					"$(inherited)",
				);
				GCC_WARN_64_TO_32_BIT_CONVERSION = YES;
				GCC_WARN_ABOUT_RETURN_TYPE = YES_ERROR;
				GCC_WARN_UNDECLARED_SELECTOR = YES;
				GCC_WARN_UNINITIALIZED_AUTOS = YES_AGGRESSIVE;
				GCC_WARN_UNUSED_FUNCTION = YES;
				GCC_WARN_UNUSED_VARIABLE = YES;
				IPHONEOS_DEPLOYMENT_TARGET = 15.4;
				MTL_ENABLE_DEBUG_INFO = INCLUDE_SOURCE;
				MTL_FAST_MATH = YES;
				ONLY_ACTIVE_ARCH = YES;
				SDKROOT = iphoneos;
				SWIFT_ACTIVE_COMPILATION_CONDITIONS = DEBUG;
				SWIFT_OPTIMIZATION_LEVEL = "-Onone";
			};
			name = Debug;
		};
		E7D2FF9427EF00AF00764266 /* Release */ = {
			isa = XCBuildConfiguration;
			buildSettings = {
				ALWAYS_SEARCH_USER_PATHS = NO;
				CLANG_ANALYZER_NONNULL = YES;
				CLANG_ANALYZER_NUMBER_OBJECT_CONVERSION = YES_AGGRESSIVE;
				CLANG_CXX_LANGUAGE_STANDARD = "gnu++17";
				CLANG_ENABLE_MODULES = YES;
				CLANG_ENABLE_OBJC_ARC = YES;
				CLANG_ENABLE_OBJC_WEAK = YES;
				CLANG_WARN_BLOCK_CAPTURE_AUTORELEASING = YES;
				CLANG_WARN_BOOL_CONVERSION = YES;
				CLANG_WARN_COMMA = YES;
				CLANG_WARN_CONSTANT_CONVERSION = YES;
				CLANG_WARN_DEPRECATED_OBJC_IMPLEMENTATIONS = YES;
				CLANG_WARN_DIRECT_OBJC_ISA_USAGE = YES_ERROR;
				CLANG_WARN_DOCUMENTATION_COMMENTS = YES;
				CLANG_WARN_EMPTY_BODY = YES;
				CLANG_WARN_ENUM_CONVERSION = YES;
				CLANG_WARN_INFINITE_RECURSION = YES;
				CLANG_WARN_INT_CONVERSION = YES;
				CLANG_WARN_NON_LITERAL_NULL_CONVERSION = YES;
				CLANG_WARN_OBJC_IMPLICIT_RETAIN_SELF = YES;
				CLANG_WARN_OBJC_LITERAL_CONVERSION = YES;
				CLANG_WARN_OBJC_ROOT_CLASS = YES_ERROR;
				CLANG_WARN_QUOTED_INCLUDE_IN_FRAMEWORK_HEADER = YES;
				CLANG_WARN_RANGE_LOOP_ANALYSIS = YES;
				CLANG_WARN_STRICT_PROTOTYPES = YES;
				CLANG_WARN_SUSPICIOUS_MOVE = YES;
				CLANG_WARN_UNGUARDED_AVAILABILITY = YES_AGGRESSIVE;
				CLANG_WARN_UNREACHABLE_CODE = YES;
				CLANG_WARN__DUPLICATE_METHOD_MATCH = YES;
				COPY_PHASE_STRIP = NO;
				DEBUG_INFORMATION_FORMAT = "dwarf-with-dsym";
				ENABLE_NS_ASSERTIONS = NO;
				ENABLE_STRICT_OBJC_MSGSEND = YES;
				GCC_C_LANGUAGE_STANDARD = gnu11;
				GCC_NO_COMMON_BLOCKS = YES;
				GCC_WARN_64_TO_32_BIT_CONVERSION = YES;
				GCC_WARN_ABOUT_RETURN_TYPE = YES_ERROR;
				GCC_WARN_UNDECLARED_SELECTOR = YES;
				GCC_WARN_UNINITIALIZED_AUTOS = YES_AGGRESSIVE;
				GCC_WARN_UNUSED_FUNCTION = YES;
				GCC_WARN_UNUSED_VARIABLE = YES;
				IPHONEOS_DEPLOYMENT_TARGET = 15.4;
				MTL_ENABLE_DEBUG_INFO = NO;
				MTL_FAST_MATH = YES;
				SDKROOT = iphoneos;
				SWIFT_COMPILATION_MODE = wholemodule;
				SWIFT_OPTIMIZATION_LEVEL = "-O";
				VALIDATE_PRODUCT = YES;
			};
			name = Release;
		};
		E7D2FF9627EF00AF00764266 /* Debug */ = {
			isa = XCBuildConfiguration;
			buildSettings = {
				ASSETCATALOG_COMPILER_APPICON_NAME = AppIcon;
				ASSETCATALOG_COMPILER_GLOBAL_ACCENT_COLOR_NAME = AccentColor;
				CODE_SIGN_STYLE = Automatic;
				CURRENT_PROJECT_VERSION = 1;
				DEVELOPMENT_ASSET_PATHS = "\"MyRefrigerator/Preview Content\"";
				DEVELOPMENT_TEAM = WTV7G438ZG;
				ENABLE_PREVIEWS = YES;
				GENERATE_INFOPLIST_FILE = YES;
				INFOPLIST_KEY_LSApplicationCategoryType = "";
				INFOPLIST_KEY_NSCameraUsageDescription = "測試中";
				INFOPLIST_KEY_UIApplicationSceneManifest_Generation = YES;
				INFOPLIST_KEY_UIApplicationSupportsIndirectInputEvents = YES;
				INFOPLIST_KEY_UILaunchScreen_Generation = YES;
				INFOPLIST_KEY_UISupportedInterfaceOrientations_iPad = "UIInterfaceOrientationPortrait UIInterfaceOrientationPortraitUpsideDown UIInterfaceOrientationLandscapeLeft UIInterfaceOrientationLandscapeRight";
				INFOPLIST_KEY_UISupportedInterfaceOrientations_iPhone = "UIInterfaceOrientationPortrait UIInterfaceOrientationLandscapeLeft UIInterfaceOrientationLandscapeRight";
				LD_RUNPATH_SEARCH_PATHS = (
					"$(inherited)",
					"@executable_path/Frameworks",
				);
				MARKETING_VERSION = 1.0;
				PRODUCT_BUNDLE_IDENTIFIER = poterpan.MyRefrigerator;
				PRODUCT_NAME = "$(TARGET_NAME)";
				SWIFT_EMIT_LOC_STRINGS = YES;
				SWIFT_VERSION = 5.0;
				TARGETED_DEVICE_FAMILY = "1,2";
			};
			name = Debug;
		};
		E7D2FF9727EF00AF00764266 /* Release */ = {
			isa = XCBuildConfiguration;
			buildSettings = {
				ASSETCATALOG_COMPILER_APPICON_NAME = AppIcon;
				ASSETCATALOG_COMPILER_GLOBAL_ACCENT_COLOR_NAME = AccentColor;
				CODE_SIGN_STYLE = Automatic;
				CURRENT_PROJECT_VERSION = 1;
				DEVELOPMENT_ASSET_PATHS = "\"MyRefrigerator/Preview Content\"";
				DEVELOPMENT_TEAM = WTV7G438ZG;
				ENABLE_PREVIEWS = YES;
				GENERATE_INFOPLIST_FILE = YES;
				INFOPLIST_KEY_LSApplicationCategoryType = "";
				INFOPLIST_KEY_NSCameraUsageDescription = "測試中";
				INFOPLIST_KEY_UIApplicationSceneManifest_Generation = YES;
				INFOPLIST_KEY_UIApplicationSupportsIndirectInputEvents = YES;
				INFOPLIST_KEY_UILaunchScreen_Generation = YES;
				INFOPLIST_KEY_UISupportedInterfaceOrientations_iPad = "UIInterfaceOrientationPortrait UIInterfaceOrientationPortraitUpsideDown UIInterfaceOrientationLandscapeLeft UIInterfaceOrientationLandscapeRight";
				INFOPLIST_KEY_UISupportedInterfaceOrientations_iPhone = "UIInterfaceOrientationPortrait UIInterfaceOrientationLandscapeLeft UIInterfaceOrientationLandscapeRight";
				LD_RUNPATH_SEARCH_PATHS = (
					"$(inherited)",
					"@executable_path/Frameworks",
				);
				MARKETING_VERSION = 1.0;
				PRODUCT_BUNDLE_IDENTIFIER = poterpan.MyRefrigerator;
				PRODUCT_NAME = "$(TARGET_NAME)";
				SWIFT_EMIT_LOC_STRINGS = YES;
				SWIFT_VERSION = 5.0;
				TARGETED_DEVICE_FAMILY = "1,2";
			};
			name = Release;
		};
		E7D2FF9927EF00AF00764266 /* Debug */ = {
			isa = XCBuildConfiguration;
			buildSettings = {
				ALWAYS_EMBED_SWIFT_STANDARD_LIBRARIES = YES;
				BUNDLE_LOADER = "$(TEST_HOST)";
				CODE_SIGN_STYLE = Automatic;
				CURRENT_PROJECT_VERSION = 1;
				DEVELOPMENT_TEAM = WTV7G438ZG;
				GENERATE_INFOPLIST_FILE = YES;
				IPHONEOS_DEPLOYMENT_TARGET = 15.4;
				MARKETING_VERSION = 1.0;
				PRODUCT_BUNDLE_IDENTIFIER = poterpan.MyRefrigeratorTests;
				PRODUCT_NAME = "$(TARGET_NAME)";
				SWIFT_EMIT_LOC_STRINGS = NO;
				SWIFT_VERSION = 5.0;
				TARGETED_DEVICE_FAMILY = "1,2";
				TEST_HOST = "$(BUILT_PRODUCTS_DIR)/MyRefrigerator.app/MyRefrigerator";
			};
			name = Debug;
		};
		E7D2FF9A27EF00AF00764266 /* Release */ = {
			isa = XCBuildConfiguration;
			buildSettings = {
				ALWAYS_EMBED_SWIFT_STANDARD_LIBRARIES = YES;
				BUNDLE_LOADER = "$(TEST_HOST)";
				CODE_SIGN_STYLE = Automatic;
				CURRENT_PROJECT_VERSION = 1;
				DEVELOPMENT_TEAM = WTV7G438ZG;
				GENERATE_INFOPLIST_FILE = YES;
				IPHONEOS_DEPLOYMENT_TARGET = 15.4;
				MARKETING_VERSION = 1.0;
				PRODUCT_BUNDLE_IDENTIFIER = poterpan.MyRefrigeratorTests;
				PRODUCT_NAME = "$(TARGET_NAME)";
				SWIFT_EMIT_LOC_STRINGS = NO;
				SWIFT_VERSION = 5.0;
				TARGETED_DEVICE_FAMILY = "1,2";
				TEST_HOST = "$(BUILT_PRODUCTS_DIR)/MyRefrigerator.app/MyRefrigerator";
			};
			name = Release;
		};
		E7D2FF9C27EF00AF00764266 /* Debug */ = {
			isa = XCBuildConfiguration;
			buildSettings = {
				ALWAYS_EMBED_SWIFT_STANDARD_LIBRARIES = YES;
				CODE_SIGN_STYLE = Automatic;
				CURRENT_PROJECT_VERSION = 1;
				DEVELOPMENT_TEAM = WTV7G438ZG;
				GENERATE_INFOPLIST_FILE = YES;
				MARKETING_VERSION = 1.0;
				PRODUCT_BUNDLE_IDENTIFIER = poterpan.MyRefrigeratorUITests;
				PRODUCT_NAME = "$(TARGET_NAME)";
				SWIFT_EMIT_LOC_STRINGS = NO;
				SWIFT_VERSION = 5.0;
				TARGETED_DEVICE_FAMILY = "1,2";
				TEST_TARGET_NAME = MyRefrigerator;
			};
			name = Debug;
		};
		E7D2FF9D27EF00AF00764266 /* Release */ = {
			isa = XCBuildConfiguration;
			buildSettings = {
				ALWAYS_EMBED_SWIFT_STANDARD_LIBRARIES = YES;
				CODE_SIGN_STYLE = Automatic;
				CURRENT_PROJECT_VERSION = 1;
				DEVELOPMENT_TEAM = WTV7G438ZG;
				GENERATE_INFOPLIST_FILE = YES;
				MARKETING_VERSION = 1.0;
				PRODUCT_BUNDLE_IDENTIFIER = poterpan.MyRefrigeratorUITests;
				PRODUCT_NAME = "$(TARGET_NAME)";
				SWIFT_EMIT_LOC_STRINGS = NO;
				SWIFT_VERSION = 5.0;
				TARGETED_DEVICE_FAMILY = "1,2";
				TEST_TARGET_NAME = MyRefrigerator;
			};
			name = Release;
		};
/* End XCBuildConfiguration section */

/* Begin XCConfigurationList section */
		E7D2FF6C27EF00AE00764266 /* Build configuration list for PBXProject "MyRefrigerator" */ = {
			isa = XCConfigurationList;
			buildConfigurations = (
				E7D2FF9327EF00AF00764266 /* Debug */,
				E7D2FF9427EF00AF00764266 /* Release */,
			);
			defaultConfigurationIsVisible = 0;
			defaultConfigurationName = Release;
		};
		E7D2FF9527EF00AF00764266 /* Build configuration list for PBXNativeTarget "MyRefrigerator" */ = {
			isa = XCConfigurationList;
			buildConfigurations = (
				E7D2FF9627EF00AF00764266 /* Debug */,
				E7D2FF9727EF00AF00764266 /* Release */,
			);
			defaultConfigurationIsVisible = 0;
			defaultConfigurationName = Release;
		};
		E7D2FF9827EF00AF00764266 /* Build configuration list for PBXNativeTarget "MyRefrigeratorTests" */ = {
			isa = XCConfigurationList;
			buildConfigurations = (
				E7D2FF9927EF00AF00764266 /* Debug */,
				E7D2FF9A27EF00AF00764266 /* Release */,
			);
			defaultConfigurationIsVisible = 0;
			defaultConfigurationName = Release;
		};
		E7D2FF9B27EF00AF00764266 /* Build configuration list for PBXNativeTarget "MyRefrigeratorUITests" */ = {
			isa = XCConfigurationList;
			buildConfigurations = (
				E7D2FF9C27EF00AF00764266 /* Debug */,
				E7D2FF9D27EF00AF00764266 /* Release */,
			);
			defaultConfigurationIsVisible = 0;
			defaultConfigurationName = Release;
		};
/* End XCConfigurationList section */
	};
	rootObject = E7D2FF6927EF00AE00764266 /* Project object */;
}
